// !$*UTF8*$!
{
	archiveVersion = 1;
	classes = {
	};
	objectVersion = 46;
	objects = {

/* Begin PBXBuildFile section */
		965D2C191C98F03B004D5D16 /* main.m in Sources */ = {isa = PBXBuildFile; fileRef = 965D2C181C98F03B004D5D16 /* main.m */; };
		965D2C1C1C98F03B004D5D16 /* AppDelegate.m in Sources */ = {isa = PBXBuildFile; fileRef = 965D2C1B1C98F03B004D5D16 /* AppDelegate.m */; };
		965D2C221C98F03B004D5D16 /* Main.storyboard in Resources */ = {isa = PBXBuildFile; fileRef = 965D2C201C98F03B004D5D16 /* Main.storyboard */; };
		965D2C241C98F03B004D5D16 /* Assets.xcassets in Resources */ = {isa = PBXBuildFile; fileRef = 965D2C231C98F03B004D5D16 /* Assets.xcassets */; };
		965D2C271C98F03B004D5D16 /* LaunchScreen.storyboard in Resources */ = {isa = PBXBuildFile; fileRef = 965D2C251C98F03B004D5D16 /* LaunchScreen.storyboard */; };
		965D2C351C98F18C004D5D16 /* STCentralTool.m in Sources */ = {isa = PBXBuildFile; fileRef = 965D2C341C98F18C004D5D16 /* STCentralTool.m */; };
		965D2C391C99864C004D5D16 /* CentralVC.m in Sources */ = {isa = PBXBuildFile; fileRef = 965D2C381C99864C004D5D16 /* CentralVC.m */; };
/* End PBXBuildFile section */

/* Begin PBXFileReference section */
		965D2C141C98F03B004D5D16 /* STBLETool.app */ = {isa = PBXFileReference; explicitFileType = wrapper.application; includeInIndex = 0; path = STBLETool.app; sourceTree = BUILT_PRODUCTS_DIR; };
		965D2C181C98F03B004D5D16 /* main.m */ = {isa = PBXFileReference; lastKnownFileType = sourcecode.c.objc; path = main.m; sourceTree = "<group>"; };
		965D2C1A1C98F03B004D5D16 /* AppDelegate.h */ = {isa = PBXFileReference; lastKnownFileType = sourcecode.c.h; path = AppDelegate.h; sourceTree = "<group>"; };
		965D2C1B1C98F03B004D5D16 /* AppDelegate.m */ = {isa = PBXFileReference; lastKnownFileType = sourcecode.c.objc; path = AppDelegate.m; sourceTree = "<group>"; };
		965D2C211C98F03B004D5D16 /* Base */ = {isa = PBXFileReference; lastKnownFileType = file.storyboard; name = Base; path = Base.lproj/Main.storyboard; sourceTree = "<group>"; };
		965D2C231C98F03B004D5D16 /* Assets.xcassets */ = {isa = PBXFileReference; lastKnownFileType = folder.assetcatalog; path = Assets.xcassets; sourceTree = "<group>"; };
		965D2C261C98F03B004D5D16 /* Base */ = {isa = PBXFileReference; lastKnownFileType = file.storyboard; name = Base; path = Base.lproj/LaunchScreen.storyboard; sourceTree = "<group>"; };
		965D2C281C98F03B004D5D16 /* Info.plist */ = {isa = PBXFileReference; lastKnownFileType = text.plist.xml; path = Info.plist; sourceTree = "<group>"; };
		965D2C331C98F18C004D5D16 /* STCentralTool.h */ = {isa = PBXFileReference; fileEncoding = 4; lastKnownFileType = sourcecode.c.h; path = STCentralTool.h; sourceTree = "<group>"; };
		965D2C341C98F18C004D5D16 /* STCentralTool.m */ = {isa = PBXFileReference; fileEncoding = 4; lastKnownFileType = sourcecode.c.objc; path = STCentralTool.m; sourceTree = "<group>"; };
		965D2C371C99864C004D5D16 /* CentralVC.h */ = {isa = PBXFileReference; fileEncoding = 4; lastKnownFileType = sourcecode.c.h; path = CentralVC.h; sourceTree = "<group>"; };
		965D2C381C99864C004D5D16 /* CentralVC.m */ = {isa = PBXFileReference; fileEncoding = 4; lastKnownFileType = sourcecode.c.objc; path = CentralVC.m; sourceTree = "<group>"; };
/* End PBXFileReference section */

/* Begin PBXFrameworksBuildPhase section */
		965D2C111C98F03B004D5D16 /* Frameworks */ = {
			isa = PBXFrameworksBuildPhase;
			buildActionMask = 2147483647;
			files = (
			);
			runOnlyForDeploymentPostprocessing = 0;
		};
/* End PBXFrameworksBuildPhase section */

/* Begin PBXGroup section */
		965D2C0B1C98F03B004D5D16 = {
			isa = PBXGroup;
			children = (
				965D2C161C98F03B004D5D16 /* STBLETool */,
				965D2C151C98F03B004D5D16 /* Products */,
			);
			sourceTree = "<group>";
		};
		965D2C151C98F03B004D5D16 /* Products */ = {
			isa = PBXGroup;
			children = (
				965D2C141C98F03B004D5D16 /* STBLETool.app */,
			);
			name = Products;
			sourceTree = "<group>";
		};
		965D2C161C98F03B004D5D16 /* STBLETool */ = {
			isa = PBXGroup;
			children = (
				965D2C321C98F18C004D5D16 /* STBLETool */,
				965D2C1A1C98F03B004D5D16 /* AppDelegate.h */,
				965D2C1B1C98F03B004D5D16 /* AppDelegate.m */,
				965D2C361C9958FE004D5D16 /* ViewControllers */,
				965D2C201C98F03B004D5D16 /* Main.storyboard */,
				965D2C231C98F03B004D5D16 /* Assets.xcassets */,
				965D2C251C98F03B004D5D16 /* LaunchScreen.storyboard */,
				965D2C281C98F03B004D5D16 /* Info.plist */,
				965D2C171C98F03B004D5D16 /* Supporting Files */,
			);
			path = STBLETool;
			sourceTree = "<group>";
		};
		965D2C171C98F03B004D5D16 /* Supporting Files */ = {
			isa = PBXGroup;
			children = (
				965D2C181C98F03B004D5D16 /* main.m */,
			);
			name = "Supporting Files";
			sourceTree = "<group>";
		};
		965D2C321C98F18C004D5D16 /* STBLETool */ = {
			isa = PBXGroup;
			children = (
				965D2C331C98F18C004D5D16 /* STCentralTool.h */,
				965D2C341C98F18C004D5D16 /* STCentralTool.m */,
			);
			name = STBLETool;
			path = Classes/STBLETool;
			sourceTree = SOURCE_ROOT;
		};
		965D2C361C9958FE004D5D16 /* ViewControllers */ = {
			isa = PBXGroup;
			children = (
				965D2C371C99864C004D5D16 /* CentralVC.h */,
				965D2C381C99864C004D5D16 /* CentralVC.m */,
			);
			name = ViewControllers;
			sourceTree = "<group>";
		};
/* End PBXGroup section */

/* Begin PBXNativeTarget section */
		965D2C131C98F03B004D5D16 /* STBLETool */ = {
			isa = PBXNativeTarget;
			buildConfigurationList = 965D2C2B1C98F03B004D5D16 /* Build configuration list for PBXNativeTarget "STBLETool" */;
			buildPhases = (
				965D2C101C98F03B004D5D16 /* Sources */,
				965D2C111C98F03B004D5D16 /* Frameworks */,
				965D2C121C98F03B004D5D16 /* Resources */,
			);
			buildRules = (
			);
			dependencies = (
			);
			name = STBLETool;
			productName = STBLETool;
			productReference = 965D2C141C98F03B004D5D16 /* STBLETool.app */;
			productType = "com.apple.product-type.application";
		};
/* End PBXNativeTarget section */

/* Begin PBXProject section */
		965D2C0C1C98F03B004D5D16 /* Project object */ = {
			isa = PBXProject;
			attributes = {
				LastUpgradeCheck = 0720;
				ORGANIZATIONNAME = tangjr;
				TargetAttributes = {
					965D2C131C98F03B004D5D16 = {
						CreatedOnToolsVersion = 7.2.1;
					};
				};
			};
			buildConfigurationList = 965D2C0F1C98F03B004D5D16 /* Build configuration list for PBXProject "STBLETool" */;
			compatibilityVersion = "Xcode 3.2";
			developmentRegion = English;
			hasScannedForEncodings = 0;
			knownRegions = (
				en,
				Base,
			);
			mainGroup = 965D2C0B1C98F03B004D5D16;
			productRefGroup = 965D2C151C98F03B004D5D16 /* Products */;
			projectDirPath = "";
			projectRoot = "";
			targets = (
				965D2C131C98F03B004D5D16 /* STBLETool */,
			);
		};
/* End PBXProject section */

/* Begin PBXResourcesBuildPhase section */
		965D2C121C98F03B004D5D16 /* Resources */ = {
			isa = PBXResourcesBuildPhase;
			buildActionMask = 2147483647;
			files = (
				965D2C271C98F03B004D5D16 /* LaunchScreen.storyboard in Resources */,
				965D2C241C98F03B004D5D16 /* Assets.xcassets in Resources */,
				965D2C221C98F03B004D5D16 /* Main.storyboard in Resources */,
			);
			runOnlyForDeploymentPostprocessing = 0;
		};
/* End PBXResourcesBuildPhase section */

/* Begin PBXSourcesBuildPhase section */
		965D2C101C98F03B004D5D16 /* Sources */ = {
			isa = PBXSourcesBuildPhase;
			buildActionMask = 2147483647;
			files = (
				965D2C391C99864C004D5D16 /* CentralVC.m in Sources */,
				965D2C1C1C98F03B004D5D16 /* AppDelegate.m in Sources */,
				965D2C351C98F18C004D5D16 /* STCentralTool.m in Sources */,
				965D2C191C98F03B004D5D16 /* main.m in Sources */,
			);
			runOnlyForDeploymentPostprocessing = 0;
		};
/* End PBXSourcesBuildPhase section */

/* Begin PBXVariantGroup section */
		965D2C201C98F03B004D5D16 /* Main.storyboard */ = {
			isa = PBXVariantGroup;
			children = (
				965D2C211C98F03B004D5D16 /* Base */,
			);
			name = Main.storyboard;
			sourceTree = "<group>";
		};
		965D2C251C98F03B004D5D16 /* LaunchScreen.storyboard */ = {
			isa = PBXVariantGroup;
			children = (
				965D2C261C98F03B004D5D16 /* Base */,
			);
			name = LaunchScreen.storyboard;
			sourceTree = "<group>";
		};
/* End PBXVariantGroup section */

/* Begin XCBuildConfiguration section */
		965D2C291C98F03B004D5D16 /* Debug */ = {
			isa = XCBuildConfiguration;
			buildSettings = {
				ALWAYS_SEARCH_USER_PATHS = NO;
				CLANG_CXX_LANGUAGE_STANDARD = "gnu++0x";
				CLANG_CXX_LIBRARY = "libc++";
				CLANG_ENABLE_MODULES = YES;
				CLANG_ENABLE_OBJC_ARC = YES;
				CLANG_WARN_BOOL_CONVERSION = YES;
				CLANG_WARN_CONSTANT_CONVERSION = YES;
				CLANG_WARN_DIRECT_OBJC_ISA_USAGE = YES_ERROR;
				CLANG_WARN_EMPTY_BODY = YES;
				CLANG_WARN_ENUM_CONVERSION = YES;
				CLANG_WARN_INT_CONVERSION = YES;
				CLANG_WARN_OBJC_ROOT_CLASS = YES_ERROR;
				CLANG_WARN_UNREACHABLE_CODE = YES;
				CLANG_WARN__DUPLICATE_METHOD_MATCH = YES;
				"CODE_SIGN_IDENTITY[sdk=iphoneos*]" = "iPhone Developer";
				COPY_PHASE_STRIP = NO;
				DEBUG_INFORMATION_FORMAT = dwarf;
				ENABLE_STRICT_OBJC_MSGSEND = YES;
				ENABLE_TESTABILITY = YES;
				GCC_C_LANGUAGE_STANDARD = gnu99;
				GCC_DYNAMIC_NO_PIC = NO;
				GCC_NO_COMMON_BLOCKS = YES;
				GCC_OPTIMIZATION_LEVEL = 0;
				GCC_PREPROCESSOR_DEFINITIONS = (
					"DEBUG=1",
					"$(inherited)",
				);
				GCC_WARN_64_TO_32_BIT_CONVERSION = YES;
				GCC_WARN_ABOUT_RETURN_TYPE = YES_ERROR;
				GCC_WARN_UNDECLARED_SELECTOR = YES;
				GCC_WARN_UNINITIALIZED_AUTOS = YES_AGGRESSIVE;
				GCC_WARN_UNUSED_FUNCTION = YES;
				GCC_WARN_UNUSED_VARIABLE = YES;
				IPHONEOS_DEPLOYMENT_TARGET = 9.2;
				MTL_ENABLE_DEBUG_INFO = YES;
				ONLY_ACTIVE_ARCH = YES;
				SDKROOT = iphoneos;
				TARGETED_DEVICE_FAMILY = "1,2";
			};
			name = Debug;
		};
		965D2C2A1C98F03B004D5D16 /* Release */ = {
			isa = XCBuildConfiguration;
			buildSettings = {
				ALWAYS_SEARCH_USER_PATHS = NO;
				CLANG_CXX_LANGUAGE_STANDARD = "gnu++0x";
				CLANG_CXX_LIBRARY = "libc++";
				CLANG_ENABLE_MODULES = YES;
				CLANG_ENABLE_OBJC_ARC = YES;
				CLANG_WARN_BOOL_CONVERSION = YES;
				CLANG_WARN_CONSTANT_CONVERSION = YES;
				CLANG_WARN_DIRECT_OBJC_ISA_USAGE = YES_ERROR;
				CLANG_WARN_EMPTY_BODY = YES;
				CLANG_WARN_ENUM_CONVERSION = YES;
				CLANG_WARN_INT_CONVERSION = YES;
				CLANG_WARN_OBJC_ROOT_CLASS = YES_ERROR;
				CLANG_WARN_UNREACHABLE_CODE = YES;
				CLANG_WARN__DUPLICATE_METHOD_MATCH = YES;
				"CODE_SIGN_IDENTITY[sdk=iphoneos*]" = "iPhone Developer";
				COPY_PHASE_STRIP = NO;
				DEBUG_INFORMATION_FORMAT = "dwarf-with-dsym";
				ENABLE_NS_ASSERTIONS = NO;
				ENABLE_STRICT_OBJC_MSGSEND = YES;
				GCC_C_LANGUAGE_STANDARD = gnu99;
				GCC_NO_COMMON_BLOCKS = YES;
				GCC_WARN_64_TO_32_BIT_CONVERSION = YES;
				GCC_WARN_ABOUT_RETURN_TYPE = YES_ERROR;
				GCC_WARN_UNDECLARED_SELECTOR = YES;
				GCC_WARN_UNINITIALIZED_AUTOS = YES_AGGRESSIVE;
				GCC_WARN_UNUSED_FUNCTION = YES;
				GCC_WARN_UNUSED_VARIABLE = YES;
				IPHONEOS_DEPLOYMENT_TARGET = 9.2;
				MTL_ENABLE_DEBUG_INFO = NO;
				SDKROOT = iphoneos;
				TARGETED_DEVICE_FAMILY = "1,2";
				VALIDATE_PRODUCT = YES;
			};
			name = Release;
		};
		965D2C2C1C98F03B004D5D16 /* Debug */ = {
			isa = XCBuildConfiguration;
			buildSettings = {
				ASSETCATALOG_COMPILER_APPICON_NAME = AppIcon;
				INFOPLIST_FILE = STBLETool/Info.plist;
				IPHONEOS_DEPLOYMENT_TARGET = 7.0;
				LD_RUNPATH_SEARCH_PATHS = "$(inherited) @executable_path/Frameworks";
				PRODUCT_BUNDLE_IDENTIFIER = com.saitjr.STBLETool;
				PRODUCT_NAME = "$(TARGET_NAME)";
			};
			name = Debug;
		};
		965D2C2D1C98F03B004D5D16 /* Release */ = {
			isa = XCBuildConfiguration;
			buildSettings = {
				ASSETCATALOG_COMPILER_APPICON_NAME = AppIcon;
				INFOPLIST_FILE = STBLETool/Info.plist;
				IPHONEOS_DEPLOYMENT_TARGET = 7.0;
				LD_RUNPATH_SEARCH_PATHS = "$(inherited) @executable_path/Frameworks";
				PRODUCT_BUNDLE_IDENTIFIER = com.saitjr.STBLETool;
				PRODUCT_NAME = "$(TARGET_NAME)";
			};
			name = Release;
		};
/* End XCBuildConfiguration section */

/* Begin XCConfigurationList section */
		965D2C0F1C98F03B004D5D16 /* Build configuration list for PBXProject "STBLETool" */ = {
			isa = XCConfigurationList;
			buildConfigurations = (
				965D2C291C98F03B004D5D16 /* Debug */,
				965D2C2A1C98F03B004D5D16 /* Release */,
			);
			defaultConfigurationIsVisible = 0;
			defaultConfigurationName = Release;
		};
		965D2C2B1C98F03B004D5D16 /* Build configuration list for PBXNativeTarget "STBLETool" */ = {
			isa = XCConfigurationList;
			buildConfigurations = (
				965D2C2C1C98F03B004D5D16 /* Debug */,
				965D2C2D1C98F03B004D5D16 /* Release */,
			);
			defaultConfigurationIsVisible = 0;
			defaultConfigurationName = Release;
		};
/* End XCConfigurationList section */
	};
	rootObject = 965D2C0C1C98F03B004D5D16 /* Project object */;
}
