// !$*UTF8*$!
{
	archiveVersion = 1;
	classes = {
	};
	objectVersion = 51;
	objects = {

/* Begin PBXBuildFile section */
		637EC8ECB0C8C65CA27482A7 /* Pods_ChartsDemoTests.framework in Frameworks */ = {isa = PBXBuildFile; fileRef = B3E31E81948AD2E81303C8A7 /* Pods_ChartsDemoTests.framework */; };
		81973A0A25749C2F006087F1 /* AppDelegate.swift in Sources */ = {isa = PBXBuildFile; fileRef = 81973A0925749C2F006087F1 /* AppDelegate.swift */; };
		81973A0C25749C2F006087F1 /* SceneDelegate.swift in Sources */ = {isa = PBXBuildFile; fileRef = 81973A0B25749C2F006087F1 /* SceneDelegate.swift */; };
		81973A0E25749C2F006087F1 /* ViewController.swift in Sources */ = {isa = PBXBuildFile; fileRef = 81973A0D25749C2F006087F1 /* ViewController.swift */; };
		81973A1125749C2F006087F1 /* Main.storyboard in Resources */ = {isa = PBXBuildFile; fileRef = 81973A0F25749C2F006087F1 /* Main.storyboard */; };
		81973A1325749C37006087F1 /* Assets.xcassets in Resources */ = {isa = PBXBuildFile; fileRef = 81973A1225749C37006087F1 /* Assets.xcassets */; };
		81973A1625749C37006087F1 /* LaunchScreen.storyboard in Resources */ = {isa = PBXBuildFile; fileRef = 81973A1425749C37006087F1 /* LaunchScreen.storyboard */; };
		81973A2125749C37006087F1 /* ChartsDemoTests.swift in Sources */ = {isa = PBXBuildFile; fileRef = 81973A2025749C37006087F1 /* ChartsDemoTests.swift */; };
		81973A2C25749C37006087F1 /* ChartsDemoUITests.swift in Sources */ = {isa = PBXBuildFile; fileRef = 81973A2B25749C37006087F1 /* ChartsDemoUITests.swift */; };
		81973A8A2574EF61006087F1 /* DVPieCenterView.m in Sources */ = {isa = PBXBuildFile; fileRef = 81973A822574EF60006087F1 /* DVPieCenterView.m */; };
		81973A8B2574EF61006087F1 /* DVFoodPieModel.m in Sources */ = {isa = PBXBuildFile; fileRef = 81973A872574EF61006087F1 /* DVFoodPieModel.m */; };
		81973A8C2574EF61006087F1 /* DVPieChart.m in Sources */ = {isa = PBXBuildFile; fileRef = 81973A892574EF61006087F1 /* DVPieChart.m */; };
		81973A912574EFA9006087F1 /* DVC.swift in Sources */ = {isa = PBXBuildFile; fileRef = 81973A902574EFA9006087F1 /* DVC.swift */; };
		EB66B6013DDA082105374280 /* Pods_ChartsDemo.framework in Frameworks */ = {isa = PBXBuildFile; fileRef = 7090A3C916E803D77288266F /* Pods_ChartsDemo.framework */; };
		F1D8135FA77DFFF013B6A575 /* Pods_ChartsDemo_ChartsDemoUITests.framework in Frameworks */ = {isa = PBXBuildFile; fileRef = 40D52D33FA503D77EA265B4A /* Pods_ChartsDemo_ChartsDemoUITests.framework */; };
/* End PBXBuildFile section */

/* Begin PBXContainerItemProxy section */
		81973A1D25749C37006087F1 /* PBXContainerItemProxy */ = {
			isa = PBXContainerItemProxy;
			containerPortal = 819739FE25749C2F006087F1 /* Project object */;
			proxyType = 1;
			remoteGlobalIDString = 81973A0525749C2F006087F1;
			remoteInfo = ChartsDemo;
		};
		81973A2825749C37006087F1 /* PBXContainerItemProxy */ = {
			isa = PBXContainerItemProxy;
			containerPortal = 819739FE25749C2F006087F1 /* Project object */;
			proxyType = 1;
			remoteGlobalIDString = 81973A0525749C2F006087F1;
			remoteInfo = ChartsDemo;
		};
/* End PBXContainerItemProxy section */

/* Begin PBXFileReference section */
		02E3170D5CD42F7923E37A29 /* Pods-ChartsDemo.release.xcconfig */ = {isa = PBXFileReference; includeInIndex = 1; lastKnownFileType = text.xcconfig; name = "Pods-ChartsDemo.release.xcconfig"; path = "Target Support Files/Pods-ChartsDemo/Pods-ChartsDemo.release.xcconfig"; sourceTree = "<group>"; };
		17B6905783557255D0D01D14 /* Pods-ChartsDemo-ChartsDemoUITests.debug.xcconfig */ = {isa = PBXFileReference; includeInIndex = 1; lastKnownFileType = text.xcconfig; name = "Pods-ChartsDemo-ChartsDemoUITests.debug.xcconfig"; path = "Target Support Files/Pods-ChartsDemo-ChartsDemoUITests/Pods-ChartsDemo-ChartsDemoUITests.debug.xcconfig"; sourceTree = "<group>"; };
		1D5B0BA3E2842454C4C758FF /* Pods-ChartsDemoTests.release.xcconfig */ = {isa = PBXFileReference; includeInIndex = 1; lastKnownFileType = text.xcconfig; name = "Pods-ChartsDemoTests.release.xcconfig"; path = "Target Support Files/Pods-ChartsDemoTests/Pods-ChartsDemoTests.release.xcconfig"; sourceTree = "<group>"; };
		2FA39D8CB9BC60D5AB065EC9 /* Pods-ChartsDemo.debug.xcconfig */ = {isa = PBXFileReference; includeInIndex = 1; lastKnownFileType = text.xcconfig; name = "Pods-ChartsDemo.debug.xcconfig"; path = "Target Support Files/Pods-ChartsDemo/Pods-ChartsDemo.debug.xcconfig"; sourceTree = "<group>"; };
		40D52D33FA503D77EA265B4A /* Pods_ChartsDemo_ChartsDemoUITests.framework */ = {isa = PBXFileReference; explicitFileType = wrapper.framework; includeInIndex = 0; path = Pods_ChartsDemo_ChartsDemoUITests.framework; sourceTree = BUILT_PRODUCTS_DIR; };
		51778AD4B351E61EC3E3D5D2 /* Pods-ChartsDemoTests.debug.xcconfig */ = {isa = PBXFileReference; includeInIndex = 1; lastKnownFileType = text.xcconfig; name = "Pods-ChartsDemoTests.debug.xcconfig"; path = "Target Support Files/Pods-ChartsDemoTests/Pods-ChartsDemoTests.debug.xcconfig"; sourceTree = "<group>"; };
		7090A3C916E803D77288266F /* Pods_ChartsDemo.framework */ = {isa = PBXFileReference; explicitFileType = wrapper.framework; includeInIndex = 0; path = Pods_ChartsDemo.framework; sourceTree = BUILT_PRODUCTS_DIR; };
		81973A0625749C2F006087F1 /* ChartsDemo.app */ = {isa = PBXFileReference; explicitFileType = wrapper.application; includeInIndex = 0; path = ChartsDemo.app; sourceTree = BUILT_PRODUCTS_DIR; };
		81973A0925749C2F006087F1 /* AppDelegate.swift */ = {isa = PBXFileReference; lastKnownFileType = sourcecode.swift; path = AppDelegate.swift; sourceTree = "<group>"; };
		81973A0B25749C2F006087F1 /* SceneDelegate.swift */ = {isa = PBXFileReference; lastKnownFileType = sourcecode.swift; path = SceneDelegate.swift; sourceTree = "<group>"; };
		81973A0D25749C2F006087F1 /* ViewController.swift */ = {isa = PBXFileReference; lastKnownFileType = sourcecode.swift; path = ViewController.swift; sourceTree = "<group>"; };
		81973A1025749C2F006087F1 /* Base */ = {isa = PBXFileReference; lastKnownFileType = file.storyboard; name = Base; path = Base.lproj/Main.storyboard; sourceTree = "<group>"; };
		81973A1225749C37006087F1 /* Assets.xcassets */ = {isa = PBXFileReference; lastKnownFileType = folder.assetcatalog; path = Assets.xcassets; sourceTree = "<group>"; };
		81973A1525749C37006087F1 /* Base */ = {isa = PBXFileReference; lastKnownFileType = file.storyboard; name = Base; path = Base.lproj/LaunchScreen.storyboard; sourceTree = "<group>"; };
		81973A1725749C37006087F1 /* Info.plist */ = {isa = PBXFileReference; lastKnownFileType = text.plist.xml; path = Info.plist; sourceTree = "<group>"; };
		81973A1C25749C37006087F1 /* ChartsDemoTests.xctest */ = {isa = PBXFileReference; explicitFileType = wrapper.cfbundle; includeInIndex = 0; path = ChartsDemoTests.xctest; sourceTree = BUILT_PRODUCTS_DIR; };
		81973A2025749C37006087F1 /* ChartsDemoTests.swift */ = {isa = PBXFileReference; lastKnownFileType = sourcecode.swift; path = ChartsDemoTests.swift; sourceTree = "<group>"; };
		81973A2225749C37006087F1 /* Info.plist */ = {isa = PBXFileReference; lastKnownFileType = text.plist.xml; path = Info.plist; sourceTree = "<group>"; };
		81973A2725749C37006087F1 /* ChartsDemoUITests.xctest */ = {isa = PBXFileReference; explicitFileType = wrapper.cfbundle; includeInIndex = 0; path = ChartsDemoUITests.xctest; sourceTree = BUILT_PRODUCTS_DIR; };
		81973A2B25749C37006087F1 /* ChartsDemoUITests.swift */ = {isa = PBXFileReference; lastKnownFileType = sourcecode.swift; path = ChartsDemoUITests.swift; sourceTree = "<group>"; };
		81973A2D25749C37006087F1 /* Info.plist */ = {isa = PBXFileReference; lastKnownFileType = text.plist.xml; path = Info.plist; sourceTree = "<group>"; };
		81973A802574EF5F006087F1 /* ChartsDemo-Bridging-Header.h */ = {isa = PBXFileReference; lastKnownFileType = sourcecode.c.h; path = "ChartsDemo-Bridging-Header.h"; sourceTree = "<group>"; };
		81973A812574EF60006087F1 /* DVFoodPieModel.h */ = {isa = PBXFileReference; fileEncoding = 4; lastKnownFileType = sourcecode.c.h; path = DVFoodPieModel.h; sourceTree = "<group>"; };
		81973A822574EF60006087F1 /* DVPieCenterView.m */ = {isa = PBXFileReference; fileEncoding = 4; lastKnownFileType = sourcecode.c.objc; path = DVPieCenterView.m; sourceTree = "<group>"; };
		81973A832574EF60006087F1 /* DVPieChart.h */ = {isa = PBXFileReference; fileEncoding = 4; lastKnownFileType = sourcecode.c.h; path = DVPieChart.h; sourceTree = "<group>"; };
		81973A872574EF61006087F1 /* DVFoodPieModel.m */ = {isa = PBXFileReference; fileEncoding = 4; lastKnownFileType = sourcecode.c.objc; path = DVFoodPieModel.m; sourceTree = "<group>"; };
		81973A882574EF61006087F1 /* DVPieCenterView.h */ = {isa = PBXFileReference; fileEncoding = 4; lastKnownFileType = sourcecode.c.h; path = DVPieCenterView.h; sourceTree = "<group>"; };
		81973A892574EF61006087F1 /* DVPieChart.m */ = {isa = PBXFileReference; fileEncoding = 4; lastKnownFileType = sourcecode.c.objc; path = DVPieChart.m; sourceTree = "<group>"; };
		81973A902574EFA9006087F1 /* DVC.swift */ = {isa = PBXFileReference; lastKnownFileType = sourcecode.swift; path = DVC.swift; sourceTree = "<group>"; };
		B3E31E81948AD2E81303C8A7 /* Pods_ChartsDemoTests.framework */ = {isa = PBXFileReference; explicitFileType = wrapper.framework; includeInIndex = 0; path = Pods_ChartsDemoTests.framework; sourceTree = BUILT_PRODUCTS_DIR; };
		FF59B0EDDE97E0BBC05A064A /* Pods-ChartsDemo-ChartsDemoUITests.release.xcconfig */ = {isa = PBXFileReference; includeInIndex = 1; lastKnownFileType = text.xcconfig; name = "Pods-ChartsDemo-ChartsDemoUITests.release.xcconfig"; path = "Target Support Files/Pods-ChartsDemo-ChartsDemoUITests/Pods-ChartsDemo-ChartsDemoUITests.release.xcconfig"; sourceTree = "<group>"; };
/* End PBXFileReference section */

/* Begin PBXFrameworksBuildPhase section */
		81973A0325749C2F006087F1 /* Frameworks */ = {
			isa = PBXFrameworksBuildPhase;
			buildActionMask = 2147483647;
			files = (
				EB66B6013DDA082105374280 /* Pods_ChartsDemo.framework in Frameworks */,
			);
			runOnlyForDeploymentPostprocessing = 0;
		};
		81973A1925749C37006087F1 /* Frameworks */ = {
			isa = PBXFrameworksBuildPhase;
			buildActionMask = 2147483647;
			files = (
				637EC8ECB0C8C65CA27482A7 /* Pods_ChartsDemoTests.framework in Frameworks */,
			);
			runOnlyForDeploymentPostprocessing = 0;
		};
		81973A2425749C37006087F1 /* Frameworks */ = {
			isa = PBXFrameworksBuildPhase;
			buildActionMask = 2147483647;
			files = (
				F1D8135FA77DFFF013B6A575 /* Pods_ChartsDemo_ChartsDemoUITests.framework in Frameworks */,
			);
			runOnlyForDeploymentPostprocessing = 0;
		};
/* End PBXFrameworksBuildPhase section */

/* Begin PBXGroup section */
		79C3D8935569D00BD7DF2721 /* Pods */ = {
			isa = PBXGroup;
			children = (
				2FA39D8CB9BC60D5AB065EC9 /* Pods-ChartsDemo.debug.xcconfig */,
				02E3170D5CD42F7923E37A29 /* Pods-ChartsDemo.release.xcconfig */,
				17B6905783557255D0D01D14 /* Pods-ChartsDemo-ChartsDemoUITests.debug.xcconfig */,
				FF59B0EDDE97E0BBC05A064A /* Pods-ChartsDemo-ChartsDemoUITests.release.xcconfig */,
				51778AD4B351E61EC3E3D5D2 /* Pods-ChartsDemoTests.debug.xcconfig */,
				1D5B0BA3E2842454C4C758FF /* Pods-ChartsDemoTests.release.xcconfig */,
			);
			path = Pods;
			sourceTree = "<group>";
		};
		816915382577242E0010A092 /* ShowOnVC */ = {
			isa = PBXGroup;
			children = (
				81973A902574EFA9006087F1 /* DVC.swift */,
				81973A0D25749C2F006087F1 /* ViewController.swift */,
			);
			name = ShowOnVC;
			sourceTree = "<group>";
		};
		8169154C25772F6C0010A092 /* 使用Charts框架来写 */ = {
			isa = PBXGroup;
			children = (
			);
			name = "使用Charts框架来写";
			sourceTree = "<group>";
		};
		819739FD25749C2F006087F1 = {
			isa = PBXGroup;
			children = (
				81973A0825749C2F006087F1 /* ChartsDemo */,
				81973A1F25749C37006087F1 /* ChartsDemoTests */,
				81973A2A25749C37006087F1 /* ChartsDemoUITests */,
				81973A0725749C2F006087F1 /* Products */,
				79C3D8935569D00BD7DF2721 /* Pods */,
				B243B5577437AF2F38E1A560 /* Frameworks */,
			);
			sourceTree = "<group>";
		};
		81973A0725749C2F006087F1 /* Products */ = {
			isa = PBXGroup;
			children = (
				81973A0625749C2F006087F1 /* ChartsDemo.app */,
				81973A1C25749C37006087F1 /* ChartsDemoTests.xctest */,
				81973A2725749C37006087F1 /* ChartsDemoUITests.xctest */,
			);
			name = Products;
			sourceTree = "<group>";
		};
		81973A0825749C2F006087F1 /* ChartsDemo */ = {
			isa = PBXGroup;
			children = (
				8169154C25772F6C0010A092 /* 使用Charts框架来写 */,
				816915382577242E0010A092 /* ShowOnVC */,
				81973A952574EFAF006087F1 /* 自定义饼状图DVPie */,
				81973A0925749C2F006087F1 /* AppDelegate.swift */,
				81973A0B25749C2F006087F1 /* SceneDelegate.swift */,
				81973A0F25749C2F006087F1 /* Main.storyboard */,
				81973A1225749C37006087F1 /* Assets.xcassets */,
				81973A1425749C37006087F1 /* LaunchScreen.storyboard */,
				81973A1725749C37006087F1 /* Info.plist */,
				81973A802574EF5F006087F1 /* ChartsDemo-Bridging-Header.h */,
			);
			path = ChartsDemo;
			sourceTree = "<group>";
		};
		81973A1F25749C37006087F1 /* ChartsDemoTests */ = {
			isa = PBXGroup;
			children = (
				81973A2025749C37006087F1 /* ChartsDemoTests.swift */,
				81973A2225749C37006087F1 /* Info.plist */,
			);
			path = ChartsDemoTests;
			sourceTree = "<group>";
		};
		81973A2A25749C37006087F1 /* ChartsDemoUITests */ = {
			isa = PBXGroup;
			children = (
				81973A2B25749C37006087F1 /* ChartsDemoUITests.swift */,
				81973A2D25749C37006087F1 /* Info.plist */,
			);
			path = ChartsDemoUITests;
			sourceTree = "<group>";
		};
		81973A952574EFAF006087F1 /* 自定义饼状图DVPie */ = {
			isa = PBXGroup;
			children = (
				81973A812574EF60006087F1 /* DVFoodPieModel.h */,
				81973A872574EF61006087F1 /* DVFoodPieModel.m */,
				81973A882574EF61006087F1 /* DVPieCenterView.h */,
				81973A822574EF60006087F1 /* DVPieCenterView.m */,
				81973A832574EF60006087F1 /* DVPieChart.h */,
				81973A892574EF61006087F1 /* DVPieChart.m */,
			);
			name = "自定义饼状图DVPie";
			sourceTree = "<group>";
		};
		B243B5577437AF2F38E1A560 /* Frameworks */ = {
			isa = PBXGroup;
			children = (
				7090A3C916E803D77288266F /* Pods_ChartsDemo.framework */,
				40D52D33FA503D77EA265B4A /* Pods_ChartsDemo_ChartsDemoUITests.framework */,
				B3E31E81948AD2E81303C8A7 /* Pods_ChartsDemoTests.framework */,
			);
			name = Frameworks;
			sourceTree = "<group>";
		};
/* End PBXGroup section */

/* Begin PBXNativeTarget section */
		81973A0525749C2F006087F1 /* ChartsDemo */ = {
			isa = PBXNativeTarget;
			buildConfigurationList = 81973A3025749C37006087F1 /* Build configuration list for PBXNativeTarget "ChartsDemo" */;
			buildPhases = (
				76E1E9B763EC9C436FFF5844 /* [CP] Check Pods Manifest.lock */,
				81973A0225749C2F006087F1 /* Sources */,
				81973A0325749C2F006087F1 /* Frameworks */,
				81973A0425749C2F006087F1 /* Resources */,
				27039BA195E555FA26A54EE1 /* [CP] Embed Pods Frameworks */,
			);
			buildRules = (
			);
			dependencies = (
			);
			name = ChartsDemo;
			productName = ChartsDemo;
			productReference = 81973A0625749C2F006087F1 /* ChartsDemo.app */;
			productType = "com.apple.product-type.application";
		};
		81973A1B25749C37006087F1 /* ChartsDemoTests */ = {
			isa = PBXNativeTarget;
			buildConfigurationList = 81973A3325749C37006087F1 /* Build configuration list for PBXNativeTarget "ChartsDemoTests" */;
			buildPhases = (
				478C2740A7EF5DEBB689B2F2 /* [CP] Check Pods Manifest.lock */,
				81973A1825749C37006087F1 /* Sources */,
				81973A1925749C37006087F1 /* Frameworks */,
				81973A1A25749C37006087F1 /* Resources */,
			);
			buildRules = (
			);
			dependencies = (
				81973A1E25749C37006087F1 /* PBXTargetDependency */,
			);
			name = ChartsDemoTests;
			productName = ChartsDemoTests;
			productReference = 81973A1C25749C37006087F1 /* ChartsDemoTests.xctest */;
			productType = "com.apple.product-type.bundle.unit-test";
		};
		81973A2625749C37006087F1 /* ChartsDemoUITests */ = {
			isa = PBXNativeTarget;
			buildConfigurationList = 81973A3625749C37006087F1 /* Build configuration list for PBXNativeTarget "ChartsDemoUITests" */;
			buildPhases = (
				9F9C8EA364D421C3179BE14B /* [CP] Check Pods Manifest.lock */,
				81973A2325749C37006087F1 /* Sources */,
				81973A2425749C37006087F1 /* Frameworks */,
				81973A2525749C37006087F1 /* Resources */,
				284ED55577243EC18129A292 /* [CP] Embed Pods Frameworks */,
			);
			buildRules = (
			);
			dependencies = (
				81973A2925749C37006087F1 /* PBXTargetDependency */,
			);
			name = ChartsDemoUITests;
			productName = ChartsDemoUITests;
			productReference = 81973A2725749C37006087F1 /* ChartsDemoUITests.xctest */;
			productType = "com.apple.product-type.bundle.ui-testing";
		};
/* End PBXNativeTarget section */

/* Begin PBXProject section */
		819739FE25749C2F006087F1 /* Project object */ = {
			isa = PBXProject;
			attributes = {
				LastSwiftUpdateCheck = 1220;
				LastUpgradeCheck = 1220;
				TargetAttributes = {
					81973A0525749C2F006087F1 = {
						CreatedOnToolsVersion = 12.2;
						LastSwiftMigration = 1220;
					};
					81973A1B25749C37006087F1 = {
						CreatedOnToolsVersion = 12.2;
						TestTargetID = 81973A0525749C2F006087F1;
					};
					81973A2625749C37006087F1 = {
						CreatedOnToolsVersion = 12.2;
						TestTargetID = 81973A0525749C2F006087F1;
					};
				};
			};
			buildConfigurationList = 81973A0125749C2F006087F1 /* Build configuration list for PBXProject "ChartsDemo" */;
			compatibilityVersion = "Xcode 9.3";
			developmentRegion = en;
			hasScannedForEncodings = 0;
			knownRegions = (
				en,
				Base,
			);
			mainGroup = 819739FD25749C2F006087F1;
			productRefGroup = 81973A0725749C2F006087F1 /* Products */;
			projectDirPath = "";
			projectRoot = "";
			targets = (
				81973A0525749C2F006087F1 /* ChartsDemo */,
				81973A1B25749C37006087F1 /* ChartsDemoTests */,
				81973A2625749C37006087F1 /* ChartsDemoUITests */,
			);
		};
/* End PBXProject section */

/* Begin PBXResourcesBuildPhase section */
		81973A0425749C2F006087F1 /* Resources */ = {
			isa = PBXResourcesBuildPhase;
			buildActionMask = 2147483647;
			files = (
				81973A1625749C37006087F1 /* LaunchScreen.storyboard in Resources */,
				81973A1325749C37006087F1 /* Assets.xcassets in Resources */,
				81973A1125749C2F006087F1 /* Main.storyboard in Resources */,
			);
			runOnlyForDeploymentPostprocessing = 0;
		};
		81973A1A25749C37006087F1 /* Resources */ = {
			isa = PBXResourcesBuildPhase;
			buildActionMask = 2147483647;
			files = (
			);
			runOnlyForDeploymentPostprocessing = 0;
		};
		81973A2525749C37006087F1 /* Resources */ = {
			isa = PBXResourcesBuildPhase;
			buildActionMask = 2147483647;
			files = (
			);
			runOnlyForDeploymentPostprocessing = 0;
		};
/* End PBXResourcesBuildPhase section */

/* Begin PBXShellScriptBuildPhase section */
		27039BA195E555FA26A54EE1 /* [CP] Embed Pods Frameworks */ = {
			isa = PBXShellScriptBuildPhase;
			buildActionMask = 2147483647;
			files = (
			);
			inputFileListPaths = (
				"${PODS_ROOT}/Target Support Files/Pods-ChartsDemo/Pods-ChartsDemo-frameworks-${CONFIGURATION}-input-files.xcfilelist",
			);
			name = "[CP] Embed Pods Frameworks";
			outputFileListPaths = (
				"${PODS_ROOT}/Target Support Files/Pods-ChartsDemo/Pods-ChartsDemo-frameworks-${CONFIGURATION}-output-files.xcfilelist",
			);
			runOnlyForDeploymentPostprocessing = 0;
			shellPath = /bin/sh;
			shellScript = "\"${PODS_ROOT}/Target Support Files/Pods-ChartsDemo/Pods-ChartsDemo-frameworks.sh\"\n";
			showEnvVarsInLog = 0;
		};
		284ED55577243EC18129A292 /* [CP] Embed Pods Frameworks */ = {
			isa = PBXShellScriptBuildPhase;
			buildActionMask = 2147483647;
			files = (
			);
			inputFileListPaths = (
				"${PODS_ROOT}/Target Support Files/Pods-ChartsDemo-ChartsDemoUITests/Pods-ChartsDemo-ChartsDemoUITests-frameworks-${CONFIGURATION}-input-files.xcfilelist",
			);
			name = "[CP] Embed Pods Frameworks";
			outputFileListPaths = (
				"${PODS_ROOT}/Target Support Files/Pods-ChartsDemo-ChartsDemoUITests/Pods-ChartsDemo-ChartsDemoUITests-frameworks-${CONFIGURATION}-output-files.xcfilelist",
			);
			runOnlyForDeploymentPostprocessing = 0;
			shellPath = /bin/sh;
			shellScript = "\"${PODS_ROOT}/Target Support Files/Pods-ChartsDemo-ChartsDemoUITests/Pods-ChartsDemo-ChartsDemoUITests-frameworks.sh\"\n";
			showEnvVarsInLog = 0;
		};
		478C2740A7EF5DEBB689B2F2 /* [CP] Check Pods Manifest.lock */ = {
			isa = PBXShellScriptBuildPhase;
			buildActionMask = 2147483647;
			files = (
			);
			inputFileListPaths = (
			);
			inputPaths = (
				"${PODS_PODFILE_DIR_PATH}/Podfile.lock",
				"${PODS_ROOT}/Manifest.lock",
			);
			name = "[CP] Check Pods Manifest.lock";
			outputFileListPaths = (
			);
			outputPaths = (
				"$(DERIVED_FILE_DIR)/Pods-ChartsDemoTests-checkManifestLockResult.txt",
			);
			runOnlyForDeploymentPostprocessing = 0;
			shellPath = /bin/sh;
			shellScript = "diff \"${PODS_PODFILE_DIR_PATH}/Podfile.lock\" \"${PODS_ROOT}/Manifest.lock\" > /dev/null\nif [ $? != 0 ] ; then\n    # print error to STDERR\n    echo \"error: The sandbox is not in sync with the Podfile.lock. Run 'pod install' or update your CocoaPods installation.\" >&2\n    exit 1\nfi\n# This output is used by Xcode 'outputs' to avoid re-running this script phase.\necho \"SUCCESS\" > \"${SCRIPT_OUTPUT_FILE_0}\"\n";
			showEnvVarsInLog = 0;
		};
		76E1E9B763EC9C436FFF5844 /* [CP] Check Pods Manifest.lock */ = {
			isa = PBXShellScriptBuildPhase;
			buildActionMask = 2147483647;
			files = (
			);
			inputFileListPaths = (
			);
			inputPaths = (
				"${PODS_PODFILE_DIR_PATH}/Podfile.lock",
				"${PODS_ROOT}/Manifest.lock",
			);
			name = "[CP] Check Pods Manifest.lock";
			outputFileListPaths = (
			);
			outputPaths = (
				"$(DERIVED_FILE_DIR)/Pods-ChartsDemo-checkManifestLockResult.txt",
			);
			runOnlyForDeploymentPostprocessing = 0;
			shellPath = /bin/sh;
			shellScript = "diff \"${PODS_PODFILE_DIR_PATH}/Podfile.lock\" \"${PODS_ROOT}/Manifest.lock\" > /dev/null\nif [ $? != 0 ] ; then\n    # print error to STDERR\n    echo \"error: The sandbox is not in sync with the Podfile.lock. Run 'pod install' or update your CocoaPods installation.\" >&2\n    exit 1\nfi\n# This output is used by Xcode 'outputs' to avoid re-running this script phase.\necho \"SUCCESS\" > \"${SCRIPT_OUTPUT_FILE_0}\"\n";
			showEnvVarsInLog = 0;
		};
		9F9C8EA364D421C3179BE14B /* [CP] Check Pods Manifest.lock */ = {
			isa = PBXShellScriptBuildPhase;
			buildActionMask = 2147483647;
			files = (
			);
			inputFileListPaths = (
			);
			inputPaths = (
				"${PODS_PODFILE_DIR_PATH}/Podfile.lock",
				"${PODS_ROOT}/Manifest.lock",
			);
			name = "[CP] Check Pods Manifest.lock";
			outputFileListPaths = (
			);
			outputPaths = (
				"$(DERIVED_FILE_DIR)/Pods-ChartsDemo-ChartsDemoUITests-checkManifestLockResult.txt",
			);
			runOnlyForDeploymentPostprocessing = 0;
			shellPath = /bin/sh;
			shellScript = "diff \"${PODS_PODFILE_DIR_PATH}/Podfile.lock\" \"${PODS_ROOT}/Manifest.lock\" > /dev/null\nif [ $? != 0 ] ; then\n    # print error to STDERR\n    echo \"error: The sandbox is not in sync with the Podfile.lock. Run 'pod install' or update your CocoaPods installation.\" >&2\n    exit 1\nfi\n# This output is used by Xcode 'outputs' to avoid re-running this script phase.\necho \"SUCCESS\" > \"${SCRIPT_OUTPUT_FILE_0}\"\n";
			showEnvVarsInLog = 0;
		};
/* End PBXShellScriptBuildPhase section */

/* Begin PBXSourcesBuildPhase section */
		81973A0225749C2F006087F1 /* Sources */ = {
			isa = PBXSourcesBuildPhase;
			buildActionMask = 2147483647;
			files = (
				81973A8A2574EF61006087F1 /* DVPieCenterView.m in Sources */,
				81973A0E25749C2F006087F1 /* ViewController.swift in Sources */,
				81973A0A25749C2F006087F1 /* AppDelegate.swift in Sources */,
				81973A912574EFA9006087F1 /* DVC.swift in Sources */,
				81973A8C2574EF61006087F1 /* DVPieChart.m in Sources */,
				81973A8B2574EF61006087F1 /* DVFoodPieModel.m in Sources */,
				81973A0C25749C2F006087F1 /* SceneDelegate.swift in Sources */,
			);
			runOnlyForDeploymentPostprocessing = 0;
		};
		81973A1825749C37006087F1 /* Sources */ = {
			isa = PBXSourcesBuildPhase;
			buildActionMask = 2147483647;
			files = (
				81973A2125749C37006087F1 /* ChartsDemoTests.swift in Sources */,
			);
			runOnlyForDeploymentPostprocessing = 0;
		};
		81973A2325749C37006087F1 /* Sources */ = {
			isa = PBXSourcesBuildPhase;
			buildActionMask = 2147483647;
			files = (
				81973A2C25749C37006087F1 /* ChartsDemoUITests.swift in Sources */,
			);
			runOnlyForDeploymentPostprocessing = 0;
		};
/* End PBXSourcesBuildPhase section */

/* Begin PBXTargetDependency section */
		81973A1E25749C37006087F1 /* PBXTargetDependency */ = {
			isa = PBXTargetDependency;
			target = 81973A0525749C2F006087F1 /* ChartsDemo */;
			targetProxy = 81973A1D25749C37006087F1 /* PBXContainerItemProxy */;
		};
		81973A2925749C37006087F1 /* PBXTargetDependency */ = {
			isa = PBXTargetDependency;
			target = 81973A0525749C2F006087F1 /* ChartsDemo */;
			targetProxy = 81973A2825749C37006087F1 /* PBXContainerItemProxy */;
		};
/* End PBXTargetDependency section */

/* Begin PBXVariantGroup section */
		81973A0F25749C2F006087F1 /* Main.storyboard */ = {
			isa = PBXVariantGroup;
			children = (
				81973A1025749C2F006087F1 /* Base */,
			);
			name = Main.storyboard;
			sourceTree = "<group>";
		};
		81973A1425749C37006087F1 /* LaunchScreen.storyboard */ = {
			isa = PBXVariantGroup;
			children = (
				81973A1525749C37006087F1 /* Base */,
			);
			name = LaunchScreen.storyboard;
			sourceTree = "<group>";
		};
/* End PBXVariantGroup section */

/* Begin XCBuildConfiguration section */
		81973A2E25749C37006087F1 /* Debug */ = {
			isa = XCBuildConfiguration;
			buildSettings = {
				ALWAYS_SEARCH_USER_PATHS = NO;
				CLANG_ANALYZER_NONNULL = YES;
				CLANG_ANALYZER_NUMBER_OBJECT_CONVERSION = YES_AGGRESSIVE;
				CLANG_CXX_LANGUAGE_STANDARD = "gnu++14";
				CLANG_CXX_LIBRARY = "libc++";
				CLANG_ENABLE_MODULES = YES;
				CLANG_ENABLE_OBJC_ARC = YES;
				CLANG_ENABLE_OBJC_WEAK = YES;
				CLANG_WARN_BLOCK_CAPTURE_AUTORELEASING = YES;
				CLANG_WARN_BOOL_CONVERSION = YES;
				CLANG_WARN_COMMA = YES;
				CLANG_WARN_CONSTANT_CONVERSION = YES;
				CLANG_WARN_DEPRECATED_OBJC_IMPLEMENTATIONS = YES;
				CLANG_WARN_DIRECT_OBJC_ISA_USAGE = YES_ERROR;
				CLANG_WARN_DOCUMENTATION_COMMENTS = YES;
				CLANG_WARN_EMPTY_BODY = YES;
				CLANG_WARN_ENUM_CONVERSION = YES;
				CLANG_WARN_INFINITE_RECURSION = YES;
				CLANG_WARN_INT_CONVERSION = YES;
				CLANG_WARN_NON_LITERAL_NULL_CONVERSION = YES;
				CLANG_WARN_OBJC_IMPLICIT_RETAIN_SELF = YES;
				CLANG_WARN_OBJC_LITERAL_CONVERSION = YES;
				CLANG_WARN_OBJC_ROOT_CLASS = YES_ERROR;
				CLANG_WARN_QUOTED_INCLUDE_IN_FRAMEWORK_HEADER = YES;
				CLANG_WARN_RANGE_LOOP_ANALYSIS = YES;
				CLANG_WARN_STRICT_PROTOTYPES = YES;
				CLANG_WARN_SUSPICIOUS_MOVE = YES;
				CLANG_WARN_UNGUARDED_AVAILABILITY = YES_AGGRESSIVE;
				CLANG_WARN_UNREACHABLE_CODE = YES;
				CLANG_WARN__DUPLICATE_METHOD_MATCH = YES;
				COPY_PHASE_STRIP = NO;
				DEBUG_INFORMATION_FORMAT = dwarf;
				ENABLE_STRICT_OBJC_MSGSEND = YES;
				ENABLE_TESTABILITY = YES;
				GCC_C_LANGUAGE_STANDARD = gnu11;
				GCC_DYNAMIC_NO_PIC = NO;
				GCC_NO_COMMON_BLOCKS = YES;
				GCC_OPTIMIZATION_LEVEL = 0;
				GCC_PREPROCESSOR_DEFINITIONS = (
					"DEBUG=1",
					"$(inherited)",
				);
				GCC_WARN_64_TO_32_BIT_CONVERSION = YES;
				GCC_WARN_ABOUT_RETURN_TYPE = YES_ERROR;
				GCC_WARN_UNDECLARED_SELECTOR = YES;
				GCC_WARN_UNINITIALIZED_AUTOS = YES_AGGRESSIVE;
				GCC_WARN_UNUSED_FUNCTION = YES;
				GCC_WARN_UNUSED_VARIABLE = YES;
				IPHONEOS_DEPLOYMENT_TARGET = 14.2;
				MTL_ENABLE_DEBUG_INFO = INCLUDE_SOURCE;
				MTL_FAST_MATH = YES;
				ONLY_ACTIVE_ARCH = YES;
				SDKROOT = iphoneos;
				SWIFT_ACTIVE_COMPILATION_CONDITIONS = DEBUG;
				SWIFT_OPTIMIZATION_LEVEL = "-Onone";
			};
			name = Debug;
		};
		81973A2F25749C37006087F1 /* Release */ = {
			isa = XCBuildConfiguration;
			buildSettings = {
				ALWAYS_SEARCH_USER_PATHS = NO;
				CLANG_ANALYZER_NONNULL = YES;
				CLANG_ANALYZER_NUMBER_OBJECT_CONVERSION = YES_AGGRESSIVE;
				CLANG_CXX_LANGUAGE_STANDARD = "gnu++14";
				CLANG_CXX_LIBRARY = "libc++";
				CLANG_ENABLE_MODULES = YES;
				CLANG_ENABLE_OBJC_ARC = YES;
				CLANG_ENABLE_OBJC_WEAK = YES;
				CLANG_WARN_BLOCK_CAPTURE_AUTORELEASING = YES;
				CLANG_WARN_BOOL_CONVERSION = YES;
				CLANG_WARN_COMMA = YES;
				CLANG_WARN_CONSTANT_CONVERSION = YES;
				CLANG_WARN_DEPRECATED_OBJC_IMPLEMENTATIONS = YES;
				CLANG_WARN_DIRECT_OBJC_ISA_USAGE = YES_ERROR;
				CLANG_WARN_DOCUMENTATION_COMMENTS = YES;
				CLANG_WARN_EMPTY_BODY = YES;
				CLANG_WARN_ENUM_CONVERSION = YES;
				CLANG_WARN_INFINITE_RECURSION = YES;
				CLANG_WARN_INT_CONVERSION = YES;
				CLANG_WARN_NON_LITERAL_NULL_CONVERSION = YES;
				CLANG_WARN_OBJC_IMPLICIT_RETAIN_SELF = YES;
				CLANG_WARN_OBJC_LITERAL_CONVERSION = YES;
				CLANG_WARN_OBJC_ROOT_CLASS = YES_ERROR;
				CLANG_WARN_QUOTED_INCLUDE_IN_FRAMEWORK_HEADER = YES;
				CLANG_WARN_RANGE_LOOP_ANALYSIS = YES;
				CLANG_WARN_STRICT_PROTOTYPES = YES;
				CLANG_WARN_SUSPICIOUS_MOVE = YES;
				CLANG_WARN_UNGUARDED_AVAILABILITY = YES_AGGRESSIVE;
				CLANG_WARN_UNREACHABLE_CODE = YES;
				CLANG_WARN__DUPLICATE_METHOD_MATCH = YES;
				COPY_PHASE_STRIP = NO;
				DEBUG_INFORMATION_FORMAT = "dwarf-with-dsym";
				ENABLE_NS_ASSERTIONS = NO;
				ENABLE_STRICT_OBJC_MSGSEND = YES;
				GCC_C_LANGUAGE_STANDARD = gnu11;
				GCC_NO_COMMON_BLOCKS = YES;
				GCC_WARN_64_TO_32_BIT_CONVERSION = YES;
				GCC_WARN_ABOUT_RETURN_TYPE = YES_ERROR;
				GCC_WARN_UNDECLARED_SELECTOR = YES;
				GCC_WARN_UNINITIALIZED_AUTOS = YES_AGGRESSIVE;
				GCC_WARN_UNUSED_FUNCTION = YES;
				GCC_WARN_UNUSED_VARIABLE = YES;
				IPHONEOS_DEPLOYMENT_TARGET = 14.2;
				MTL_ENABLE_DEBUG_INFO = NO;
				MTL_FAST_MATH = YES;
				SDKROOT = iphoneos;
				SWIFT_COMPILATION_MODE = wholemodule;
				SWIFT_OPTIMIZATION_LEVEL = "-O";
				VALIDATE_PRODUCT = YES;
			};
			name = Release;
		};
		81973A3125749C37006087F1 /* Debug */ = {
			isa = XCBuildConfiguration;
			baseConfigurationReference = 2FA39D8CB9BC60D5AB065EC9 /* Pods-ChartsDemo.debug.xcconfig */;
			buildSettings = {
				ASSETCATALOG_COMPILER_APPICON_NAME = AppIcon;
				ASSETCATALOG_COMPILER_GLOBAL_ACCENT_COLOR_NAME = AccentColor;
				CLANG_ENABLE_MODULES = YES;
				CODE_SIGN_STYLE = Automatic;
				DEVELOPMENT_TEAM = J6YFNZ8D77;
				INFOPLIST_FILE = ChartsDemo/Info.plist;
				LD_RUNPATH_SEARCH_PATHS = (
					"$(inherited)",
					"@executable_path/Frameworks",
				);
				PRODUCT_BUNDLE_IDENTIFIER = com.charts.demo.ChartsDemo;
				PRODUCT_NAME = "$(TARGET_NAME)";
				SWIFT_OBJC_BRIDGING_HEADER = "ChartsDemo/ChartsDemo-Bridging-Header.h";
				SWIFT_OPTIMIZATION_LEVEL = "-Onone";
				SWIFT_VERSION = 5.0;
				TARGETED_DEVICE_FAMILY = "1,2";
			};
			name = Debug;
		};
		81973A3225749C37006087F1 /* Release */ = {
			isa = XCBuildConfiguration;
			baseConfigurationReference = 02E3170D5CD42F7923E37A29 /* Pods-ChartsDemo.release.xcconfig */;
			buildSettings = {
				ASSETCATALOG_COMPILER_APPICON_NAME = AppIcon;
				ASSETCATALOG_COMPILER_GLOBAL_ACCENT_COLOR_NAME = AccentColor;
				CLANG_ENABLE_MODULES = YES;
				CODE_SIGN_STYLE = Automatic;
				DEVELOPMENT_TEAM = J6YFNZ8D77;
				INFOPLIST_FILE = ChartsDemo/Info.plist;
				LD_RUNPATH_SEARCH_PATHS = (
					"$(inherited)",
					"@executable_path/Frameworks",
				);
				PRODUCT_BUNDLE_IDENTIFIER = com.charts.demo.ChartsDemo;
				PRODUCT_NAME = "$(TARGET_NAME)";
				SWIFT_OBJC_BRIDGING_HEADER = "ChartsDemo/ChartsDemo-Bridging-Header.h";
				SWIFT_VERSION = 5.0;
				TARGETED_DEVICE_FAMILY = "1,2";
			};
			name = Release;
		};
		81973A3425749C37006087F1 /* Debug */ = {
			isa = XCBuildConfiguration;
			baseConfigurationReference = 51778AD4B351E61EC3E3D5D2 /* Pods-ChartsDemoTests.debug.xcconfig */;
			buildSettings = {
				ALWAYS_EMBED_SWIFT_STANDARD_LIBRARIES = YES;
				BUNDLE_LOADER = "$(TEST_HOST)";
				CODE_SIGN_STYLE = Automatic;
				DEVELOPMENT_TEAM = J6YFNZ8D77;
				INFOPLIST_FILE = ChartsDemoTests/Info.plist;
				IPHONEOS_DEPLOYMENT_TARGET = 14.2;
				LD_RUNPATH_SEARCH_PATHS = (
					"$(inherited)",
					"@executable_path/Frameworks",
					"@loader_path/Frameworks",
				);
				PRODUCT_BUNDLE_IDENTIFIER = com.charts.demo.ChartsDemoTests;
				PRODUCT_NAME = "$(TARGET_NAME)";
				SWIFT_VERSION = 5.0;
				TARGETED_DEVICE_FAMILY = "1,2";
				TEST_HOST = "$(BUILT_PRODUCTS_DIR)/ChartsDemo.app/ChartsDemo";
			};
			name = Debug;
		};
		81973A3525749C37006087F1 /* Release */ = {
			isa = XCBuildConfiguration;
			baseConfigurationReference = 1D5B0BA3E2842454C4C758FF /* Pods-ChartsDemoTests.release.xcconfig */;
			buildSettings = {
				ALWAYS_EMBED_SWIFT_STANDARD_LIBRARIES = YES;
				BUNDLE_LOADER = "$(TEST_HOST)";
				CODE_SIGN_STYLE = Automatic;
				DEVELOPMENT_TEAM = J6YFNZ8D77;
				INFOPLIST_FILE = ChartsDemoTests/Info.plist;
				IPHONEOS_DEPLOYMENT_TARGET = 14.2;
				LD_RUNPATH_SEARCH_PATHS = (
					"$(inherited)",
					"@executable_path/Frameworks",
					"@loader_path/Frameworks",
				);
				PRODUCT_BUNDLE_IDENTIFIER = com.charts.demo.ChartsDemoTests;
				PRODUCT_NAME = "$(TARGET_NAME)";
				SWIFT_VERSION = 5.0;
				TARGETED_DEVICE_FAMILY = "1,2";
				TEST_HOST = "$(BUILT_PRODUCTS_DIR)/ChartsDemo.app/ChartsDemo";
			};
			name = Release;
		};
		81973A3725749C37006087F1 /* Debug */ = {
			isa = XCBuildConfiguration;
			baseConfigurationReference = 17B6905783557255D0D01D14 /* Pods-ChartsDemo-ChartsDemoUITests.debug.xcconfig */;
			buildSettings = {
				ALWAYS_EMBED_SWIFT_STANDARD_LIBRARIES = YES;
				CODE_SIGN_STYLE = Automatic;
				DEVELOPMENT_TEAM = J6YFNZ8D77;
				INFOPLIST_FILE = ChartsDemoUITests/Info.plist;
				LD_RUNPATH_SEARCH_PATHS = (
					"$(inherited)",
					"@executable_path/Frameworks",
					"@loader_path/Frameworks",
				);
				PRODUCT_BUNDLE_IDENTIFIER = com.charts.demo.ChartsDemoUITests;
				PRODUCT_NAME = "$(TARGET_NAME)";
				SWIFT_VERSION = 5.0;
				TARGETED_DEVICE_FAMILY = "1,2";
				TEST_TARGET_NAME = ChartsDemo;
			};
			name = Debug;
		};
		81973A3825749C37006087F1 /* Release */ = {
			isa = XCBuildConfiguration;
			baseConfigurationReference = FF59B0EDDE97E0BBC05A064A /* Pods-ChartsDemo-ChartsDemoUITests.release.xcconfig */;
			buildSettings = {
				ALWAYS_EMBED_SWIFT_STANDARD_LIBRARIES = YES;
				CODE_SIGN_STYLE = Automatic;
				DEVELOPMENT_TEAM = J6YFNZ8D77;
				INFOPLIST_FILE = ChartsDemoUITests/Info.plist;
				LD_RUNPATH_SEARCH_PATHS = (
					"$(inherited)",
					"@executable_path/Frameworks",
					"@loader_path/Frameworks",
				);
				PRODUCT_BUNDLE_IDENTIFIER = com.charts.demo.ChartsDemoUITests;
				PRODUCT_NAME = "$(TARGET_NAME)";
				SWIFT_VERSION = 5.0;
				TARGETED_DEVICE_FAMILY = "1,2";
				TEST_TARGET_NAME = ChartsDemo;
			};
			name = Release;
		};
/* End XCBuildConfiguration section */

/* Begin XCConfigurationList section */
		81973A0125749C2F006087F1 /* Build configuration list for PBXProject "ChartsDemo" */ = {
			isa = XCConfigurationList;
			buildConfigurations = (
				81973A2E25749C37006087F1 /* Debug */,
				81973A2F25749C37006087F1 /* Release */,
			);
			defaultConfigurationIsVisible = 0;
			defaultConfigurationName = Release;
		};
		81973A3025749C37006087F1 /* Build configuration list for PBXNativeTarget "ChartsDemo" */ = {
			isa = XCConfigurationList;
			buildConfigurations = (
				81973A3125749C37006087F1 /* Debug */,
				81973A3225749C37006087F1 /* Release */,
			);
			defaultConfigurationIsVisible = 0;
			defaultConfigurationName = Release;
		};
		81973A3325749C37006087F1 /* Build configuration list for PBXNativeTarget "ChartsDemoTests" */ = {
			isa = XCConfigurationList;
			buildConfigurations = (
				81973A3425749C37006087F1 /* Debug */,
				81973A3525749C37006087F1 /* Release */,
			);
			defaultConfigurationIsVisible = 0;
			defaultConfigurationName = Release;
		};
		81973A3625749C37006087F1 /* Build configuration list for PBXNativeTarget "ChartsDemoUITests" */ = {
			isa = XCConfigurationList;
			buildConfigurations = (
				81973A3725749C37006087F1 /* Debug */,
				81973A3825749C37006087F1 /* Release */,
			);
			defaultConfigurationIsVisible = 0;
			defaultConfigurationName = Release;
		};
/* End XCConfigurationList section */
	};
	rootObject = 819739FE25749C2F006087F1 /* Project object */;
}
