// !$*UTF8*$!
{
	archiveVersion = 1;
	classes = {
	};
	objectVersion = 46;
	objects = {

/* Begin PBXBuildFile section */
		26F72DBF1DDD52A400F92759 /* main.m in Sources */ = {isa = PBXBuildFile; fileRef = 26F72DBE1DDD52A400F92759 /* main.m */; };
		26F72DC21DDD52A400F92759 /* AppDelegate.m in Sources */ = {isa = PBXBuildFile; fileRef = 26F72DC11DDD52A400F92759 /* AppDelegate.m */; };
		26F72DC51DDD52A400F92759 /* ViewController.m in Sources */ = {isa = PBXBuildFile; fileRef = 26F72DC41DDD52A400F92759 /* ViewController.m */; };
		26F72DC81DDD52A400F92759 /* Main.storyboard in Resources */ = {isa = PBXBuildFile; fileRef = 26F72DC61DDD52A400F92759 /* Main.storyboard */; };
		26F72DCA1DDD52A400F92759 /* Assets.xcassets in Resources */ = {isa = PBXBuildFile; fileRef = 26F72DC91DDD52A400F92759 /* Assets.xcassets */; };
		26F72DCD1DDD52A400F92759 /* LaunchScreen.storyboard in Resources */ = {isa = PBXBuildFile; fileRef = 26F72DCB1DDD52A400F92759 /* LaunchScreen.storyboard */; };
		26F72DD81DDD52A400F92759 /* BasicAnimatinDemoTests.m in Sources */ = {isa = PBXBuildFile; fileRef = 26F72DD71DDD52A400F92759 /* BasicAnimatinDemoTests.m */; };
		26F72DE31DDD52A400F92759 /* BasicAnimatinDemoUITests.m in Sources */ = {isa = PBXBuildFile; fileRef = 26F72DE21DDD52A400F92759 /* BasicAnimatinDemoUITests.m */; };
		26F72DF61DDD534400F92759 /* CectLayer.m in Sources */ = {isa = PBXBuildFile; fileRef = 26F72DF51DDD534400F92759 /* CectLayer.m */; };
		26F72DF91DDD597B00F92759 /* WaveLayer.m in Sources */ = {isa = PBXBuildFile; fileRef = 26F72DF81DDD597B00F92759 /* WaveLayer.m */; };
/* End PBXBuildFile section */

/* Begin PBXContainerItemProxy section */
		26F72DD41DDD52A400F92759 /* PBXContainerItemProxy */ = {
			isa = PBXContainerItemProxy;
			containerPortal = 26F72DB21DDD52A400F92759 /* Project object */;
			proxyType = 1;
			remoteGlobalIDString = 26F72DB91DDD52A400F92759;
			remoteInfo = BasicAnimatinDemo;
		};
		26F72DDF1DDD52A400F92759 /* PBXContainerItemProxy */ = {
			isa = PBXContainerItemProxy;
			containerPortal = 26F72DB21DDD52A400F92759 /* Project object */;
			proxyType = 1;
			remoteGlobalIDString = 26F72DB91DDD52A400F92759;
			remoteInfo = BasicAnimatinDemo;
		};
/* End PBXContainerItemProxy section */

/* Begin PBXFileReference section */
		26F72DBA1DDD52A400F92759 /* BasicAnimatinDemo.app */ = {isa = PBXFileReference; explicitFileType = wrapper.application; includeInIndex = 0; path = BasicAnimatinDemo.app; sourceTree = BUILT_PRODUCTS_DIR; };
		26F72DBE1DDD52A400F92759 /* main.m */ = {isa = PBXFileReference; lastKnownFileType = sourcecode.c.objc; path = main.m; sourceTree = "<group>"; };
		26F72DC01DDD52A400F92759 /* AppDelegate.h */ = {isa = PBXFileReference; lastKnownFileType = sourcecode.c.h; path = AppDelegate.h; sourceTree = "<group>"; };
		26F72DC11DDD52A400F92759 /* AppDelegate.m */ = {isa = PBXFileReference; lastKnownFileType = sourcecode.c.objc; path = AppDelegate.m; sourceTree = "<group>"; };
		26F72DC31DDD52A400F92759 /* ViewController.h */ = {isa = PBXFileReference; lastKnownFileType = sourcecode.c.h; path = ViewController.h; sourceTree = "<group>"; };
		26F72DC41DDD52A400F92759 /* ViewController.m */ = {isa = PBXFileReference; lastKnownFileType = sourcecode.c.objc; path = ViewController.m; sourceTree = "<group>"; };
		26F72DC71DDD52A400F92759 /* Base */ = {isa = PBXFileReference; lastKnownFileType = file.storyboard; name = Base; path = Base.lproj/Main.storyboard; sourceTree = "<group>"; };
		26F72DC91DDD52A400F92759 /* Assets.xcassets */ = {isa = PBXFileReference; lastKnownFileType = folder.assetcatalog; path = Assets.xcassets; sourceTree = "<group>"; };
		26F72DCC1DDD52A400F92759 /* Base */ = {isa = PBXFileReference; lastKnownFileType = file.storyboard; name = Base; path = Base.lproj/LaunchScreen.storyboard; sourceTree = "<group>"; };
		26F72DCE1DDD52A400F92759 /* Info.plist */ = {isa = PBXFileReference; lastKnownFileType = text.plist.xml; path = Info.plist; sourceTree = "<group>"; };
		26F72DD31DDD52A400F92759 /* BasicAnimatinDemoTests.xctest */ = {isa = PBXFileReference; explicitFileType = wrapper.cfbundle; includeInIndex = 0; path = BasicAnimatinDemoTests.xctest; sourceTree = BUILT_PRODUCTS_DIR; };
		26F72DD71DDD52A400F92759 /* BasicAnimatinDemoTests.m */ = {isa = PBXFileReference; lastKnownFileType = sourcecode.c.objc; path = BasicAnimatinDemoTests.m; sourceTree = "<group>"; };
		26F72DD91DDD52A400F92759 /* Info.plist */ = {isa = PBXFileReference; lastKnownFileType = text.plist.xml; path = Info.plist; sourceTree = "<group>"; };
		26F72DDE1DDD52A400F92759 /* BasicAnimatinDemoUITests.xctest */ = {isa = PBXFileReference; explicitFileType = wrapper.cfbundle; includeInIndex = 0; path = BasicAnimatinDemoUITests.xctest; sourceTree = BUILT_PRODUCTS_DIR; };
		26F72DE21DDD52A400F92759 /* BasicAnimatinDemoUITests.m */ = {isa = PBXFileReference; lastKnownFileType = sourcecode.c.objc; path = BasicAnimatinDemoUITests.m; sourceTree = "<group>"; };
		26F72DE41DDD52A400F92759 /* Info.plist */ = {isa = PBXFileReference; lastKnownFileType = text.plist.xml; path = Info.plist; sourceTree = "<group>"; };
		26F72DF41DDD534400F92759 /* CectLayer.h */ = {isa = PBXFileReference; fileEncoding = 4; lastKnownFileType = sourcecode.c.h; path = CectLayer.h; sourceTree = "<group>"; };
		26F72DF51DDD534400F92759 /* CectLayer.m */ = {isa = PBXFileReference; fileEncoding = 4; lastKnownFileType = sourcecode.c.objc; path = CectLayer.m; sourceTree = "<group>"; };
		26F72DF71DDD597B00F92759 /* WaveLayer.h */ = {isa = PBXFileReference; fileEncoding = 4; lastKnownFileType = sourcecode.c.h; path = WaveLayer.h; sourceTree = "<group>"; };
		26F72DF81DDD597B00F92759 /* WaveLayer.m */ = {isa = PBXFileReference; fileEncoding = 4; lastKnownFileType = sourcecode.c.objc; path = WaveLayer.m; sourceTree = "<group>"; };
/* End PBXFileReference section */

/* Begin PBXFrameworksBuildPhase section */
		26F72DB71DDD52A400F92759 /* Frameworks */ = {
			isa = PBXFrameworksBuildPhase;
			buildActionMask = 2147483647;
			files = (
			);
			runOnlyForDeploymentPostprocessing = 0;
		};
		26F72DD01DDD52A400F92759 /* Frameworks */ = {
			isa = PBXFrameworksBuildPhase;
			buildActionMask = 2147483647;
			files = (
			);
			runOnlyForDeploymentPostprocessing = 0;
		};
		26F72DDB1DDD52A400F92759 /* Frameworks */ = {
			isa = PBXFrameworksBuildPhase;
			buildActionMask = 2147483647;
			files = (
			);
			runOnlyForDeploymentPostprocessing = 0;
		};
/* End PBXFrameworksBuildPhase section */

/* Begin PBXGroup section */
		26F72DB11DDD52A400F92759 = {
			isa = PBXGroup;
			children = (
				26F72DBC1DDD52A400F92759 /* BasicAnimatinDemo */,
				26F72DD61DDD52A400F92759 /* BasicAnimatinDemoTests */,
				26F72DE11DDD52A400F92759 /* BasicAnimatinDemoUITests */,
				26F72DBB1DDD52A400F92759 /* Products */,
			);
			sourceTree = "<group>";
		};
		26F72DBB1DDD52A400F92759 /* Products */ = {
			isa = PBXGroup;
			children = (
				26F72DBA1DDD52A400F92759 /* BasicAnimatinDemo.app */,
				26F72DD31DDD52A400F92759 /* BasicAnimatinDemoTests.xctest */,
				26F72DDE1DDD52A400F92759 /* BasicAnimatinDemoUITests.xctest */,
			);
			name = Products;
			sourceTree = "<group>";
		};
		26F72DBC1DDD52A400F92759 /* BasicAnimatinDemo */ = {
			isa = PBXGroup;
			children = (
				26F72DF11DDD52BE00F92759 /* SystemFile */,
				26F72DF01DDD52AF00F92759 /* Controller */,
				26F72DBD1DDD52A400F92759 /* Supporting Files */,
			);
			path = BasicAnimatinDemo;
			sourceTree = "<group>";
		};
		26F72DBD1DDD52A400F92759 /* Supporting Files */ = {
			isa = PBXGroup;
			children = (
				26F72DBE1DDD52A400F92759 /* main.m */,
			);
			name = "Supporting Files";
			sourceTree = "<group>";
		};
		26F72DD61DDD52A400F92759 /* BasicAnimatinDemoTests */ = {
			isa = PBXGroup;
			children = (
				26F72DD71DDD52A400F92759 /* BasicAnimatinDemoTests.m */,
				26F72DD91DDD52A400F92759 /* Info.plist */,
			);
			path = BasicAnimatinDemoTests;
			sourceTree = "<group>";
		};
		26F72DE11DDD52A400F92759 /* BasicAnimatinDemoUITests */ = {
			isa = PBXGroup;
			children = (
				26F72DE21DDD52A400F92759 /* BasicAnimatinDemoUITests.m */,
				26F72DE41DDD52A400F92759 /* Info.plist */,
			);
			path = BasicAnimatinDemoUITests;
			sourceTree = "<group>";
		};
		26F72DF01DDD52AF00F92759 /* Controller */ = {
			isa = PBXGroup;
			children = (
				26F72DF21DDD530200F92759 /* Controller */,
				26F72DF31DDD530A00F92759 /* View */,
			);
			name = Controller;
			sourceTree = "<group>";
		};
		26F72DF11DDD52BE00F92759 /* SystemFile */ = {
			isa = PBXGroup;
			children = (
				26F72DC61DDD52A400F92759 /* Main.storyboard */,
				26F72DC91DDD52A400F92759 /* Assets.xcassets */,
				26F72DCB1DDD52A400F92759 /* LaunchScreen.storyboard */,
				26F72DCE1DDD52A400F92759 /* Info.plist */,
			);
			name = SystemFile;
			sourceTree = "<group>";
		};
		26F72DF21DDD530200F92759 /* Controller */ = {
			isa = PBXGroup;
			children = (
				26F72DC01DDD52A400F92759 /* AppDelegate.h */,
				26F72DC11DDD52A400F92759 /* AppDelegate.m */,
				26F72DC31DDD52A400F92759 /* ViewController.h */,
				26F72DC41DDD52A400F92759 /* ViewController.m */,
			);
			name = Controller;
			sourceTree = "<group>";
		};
		26F72DF31DDD530A00F92759 /* View */ = {
			isa = PBXGroup;
			children = (
				26F72DF41DDD534400F92759 /* CectLayer.h */,
				26F72DF51DDD534400F92759 /* CectLayer.m */,
				26F72DF71DDD597B00F92759 /* WaveLayer.h */,
				26F72DF81DDD597B00F92759 /* WaveLayer.m */,
			);
			name = View;
			sourceTree = "<group>";
		};
/* End PBXGroup section */

/* Begin PBXNativeTarget section */
		26F72DB91DDD52A400F92759 /* BasicAnimatinDemo */ = {
			isa = PBXNativeTarget;
			buildConfigurationList = 26F72DE71DDD52A400F92759 /* Build configuration list for PBXNativeTarget "BasicAnimatinDemo" */;
			buildPhases = (
				26F72DB61DDD52A400F92759 /* Sources */,
				26F72DB71DDD52A400F92759 /* Frameworks */,
				26F72DB81DDD52A400F92759 /* Resources */,
			);
			buildRules = (
			);
			dependencies = (
			);
			name = BasicAnimatinDemo;
			productName = BasicAnimatinDemo;
			productReference = 26F72DBA1DDD52A400F92759 /* BasicAnimatinDemo.app */;
			productType = "com.apple.product-type.application";
		};
		26F72DD21DDD52A400F92759 /* BasicAnimatinDemoTests */ = {
			isa = PBXNativeTarget;
			buildConfigurationList = 26F72DEA1DDD52A400F92759 /* Build configuration list for PBXNativeTarget "BasicAnimatinDemoTests" */;
			buildPhases = (
				26F72DCF1DDD52A400F92759 /* Sources */,
				26F72DD01DDD52A400F92759 /* Frameworks */,
				26F72DD11DDD52A400F92759 /* Resources */,
			);
			buildRules = (
			);
			dependencies = (
				26F72DD51DDD52A400F92759 /* PBXTargetDependency */,
			);
			name = BasicAnimatinDemoTests;
			productName = BasicAnimatinDemoTests;
			productReference = 26F72DD31DDD52A400F92759 /* BasicAnimatinDemoTests.xctest */;
			productType = "com.apple.product-type.bundle.unit-test";
		};
		26F72DDD1DDD52A400F92759 /* BasicAnimatinDemoUITests */ = {
			isa = PBXNativeTarget;
			buildConfigurationList = 26F72DED1DDD52A400F92759 /* Build configuration list for PBXNativeTarget "BasicAnimatinDemoUITests" */;
			buildPhases = (
				26F72DDA1DDD52A400F92759 /* Sources */,
				26F72DDB1DDD52A400F92759 /* Frameworks */,
				26F72DDC1DDD52A400F92759 /* Resources */,
			);
			buildRules = (
			);
			dependencies = (
				26F72DE01DDD52A400F92759 /* PBXTargetDependency */,
			);
			name = BasicAnimatinDemoUITests;
			productName = BasicAnimatinDemoUITests;
			productReference = 26F72DDE1DDD52A400F92759 /* BasicAnimatinDemoUITests.xctest */;
			productType = "com.apple.product-type.bundle.ui-testing";
		};
/* End PBXNativeTarget section */

/* Begin PBXProject section */
		26F72DB21DDD52A400F92759 /* Project object */ = {
			isa = PBXProject;
			attributes = {
				LastUpgradeCheck = 0800;
				ORGANIZATIONNAME = "gzsc-hx";
				TargetAttributes = {
					26F72DB91DDD52A400F92759 = {
						CreatedOnToolsVersion = 8.0;
						DevelopmentTeam = BK93QVE9RR;
						ProvisioningStyle = Automatic;
					};
					26F72DD21DDD52A400F92759 = {
						CreatedOnToolsVersion = 8.0;
						DevelopmentTeam = BK93QVE9RR;
						ProvisioningStyle = Automatic;
						TestTargetID = 26F72DB91DDD52A400F92759;
					};
					26F72DDD1DDD52A400F92759 = {
						CreatedOnToolsVersion = 8.0;
						DevelopmentTeam = BK93QVE9RR;
						ProvisioningStyle = Automatic;
						TestTargetID = 26F72DB91DDD52A400F92759;
					};
				};
			};
			buildConfigurationList = 26F72DB51DDD52A400F92759 /* Build configuration list for PBXProject "BasicAnimatinDemo" */;
			compatibilityVersion = "Xcode 3.2";
			developmentRegion = English;
			hasScannedForEncodings = 0;
			knownRegions = (
				en,
				Base,
			);
			mainGroup = 26F72DB11DDD52A400F92759;
			productRefGroup = 26F72DBB1DDD52A400F92759 /* Products */;
			projectDirPath = "";
			projectRoot = "";
			targets = (
				26F72DB91DDD52A400F92759 /* BasicAnimatinDemo */,
				26F72DD21DDD52A400F92759 /* BasicAnimatinDemoTests */,
				26F72DDD1DDD52A400F92759 /* BasicAnimatinDemoUITests */,
			);
		};
/* End PBXProject section */

/* Begin PBXResourcesBuildPhase section */
		26F72DB81DDD52A400F92759 /* Resources */ = {
			isa = PBXResourcesBuildPhase;
			buildActionMask = 2147483647;
			files = (
				26F72DCD1DDD52A400F92759 /* LaunchScreen.storyboard in Resources */,
				26F72DCA1DDD52A400F92759 /* Assets.xcassets in Resources */,
				26F72DC81DDD52A400F92759 /* Main.storyboard in Resources */,
			);
			runOnlyForDeploymentPostprocessing = 0;
		};
		26F72DD11DDD52A400F92759 /* Resources */ = {
			isa = PBXResourcesBuildPhase;
			buildActionMask = 2147483647;
			files = (
			);
			runOnlyForDeploymentPostprocessing = 0;
		};
		26F72DDC1DDD52A400F92759 /* Resources */ = {
			isa = PBXResourcesBuildPhase;
			buildActionMask = 2147483647;
			files = (
			);
			runOnlyForDeploymentPostprocessing = 0;
		};
/* End PBXResourcesBuildPhase section */

/* Begin PBXSourcesBuildPhase section */
		26F72DB61DDD52A400F92759 /* Sources */ = {
			isa = PBXSourcesBuildPhase;
			buildActionMask = 2147483647;
			files = (
				26F72DC51DDD52A400F92759 /* ViewController.m in Sources */,
				26F72DC21DDD52A400F92759 /* AppDelegate.m in Sources */,
				26F72DF61DDD534400F92759 /* CectLayer.m in Sources */,
				26F72DBF1DDD52A400F92759 /* main.m in Sources */,
				26F72DF91DDD597B00F92759 /* WaveLayer.m in Sources */,
			);
			runOnlyForDeploymentPostprocessing = 0;
		};
		26F72DCF1DDD52A400F92759 /* Sources */ = {
			isa = PBXSourcesBuildPhase;
			buildActionMask = 2147483647;
			files = (
				26F72DD81DDD52A400F92759 /* BasicAnimatinDemoTests.m in Sources */,
			);
			runOnlyForDeploymentPostprocessing = 0;
		};
		26F72DDA1DDD52A400F92759 /* Sources */ = {
			isa = PBXSourcesBuildPhase;
			buildActionMask = 2147483647;
			files = (
				26F72DE31DDD52A400F92759 /* BasicAnimatinDemoUITests.m in Sources */,
			);
			runOnlyForDeploymentPostprocessing = 0;
		};
/* End PBXSourcesBuildPhase section */

/* Begin PBXTargetDependency section */
		26F72DD51DDD52A400F92759 /* PBXTargetDependency */ = {
			isa = PBXTargetDependency;
			target = 26F72DB91DDD52A400F92759 /* BasicAnimatinDemo */;
			targetProxy = 26F72DD41DDD52A400F92759 /* PBXContainerItemProxy */;
		};
		26F72DE01DDD52A400F92759 /* PBXTargetDependency */ = {
			isa = PBXTargetDependency;
			target = 26F72DB91DDD52A400F92759 /* BasicAnimatinDemo */;
			targetProxy = 26F72DDF1DDD52A400F92759 /* PBXContainerItemProxy */;
		};
/* End PBXTargetDependency section */

/* Begin PBXVariantGroup section */
		26F72DC61DDD52A400F92759 /* Main.storyboard */ = {
			isa = PBXVariantGroup;
			children = (
				26F72DC71DDD52A400F92759 /* Base */,
			);
			name = Main.storyboard;
			sourceTree = "<group>";
		};
		26F72DCB1DDD52A400F92759 /* LaunchScreen.storyboard */ = {
			isa = PBXVariantGroup;
			children = (
				26F72DCC1DDD52A400F92759 /* Base */,
			);
			name = LaunchScreen.storyboard;
			sourceTree = "<group>";
		};
/* End PBXVariantGroup section */

/* Begin XCBuildConfiguration section */
		26F72DE51DDD52A400F92759 /* Debug */ = {
			isa = XCBuildConfiguration;
			buildSettings = {
				ALWAYS_SEARCH_USER_PATHS = NO;
				CLANG_ANALYZER_NONNULL = YES;
				CLANG_CXX_LANGUAGE_STANDARD = "gnu++0x";
				CLANG_CXX_LIBRARY = "libc++";
				CLANG_ENABLE_MODULES = YES;
				CLANG_ENABLE_OBJC_ARC = YES;
				CLANG_WARN_BOOL_CONVERSION = YES;
				CLANG_WARN_CONSTANT_CONVERSION = YES;
				CLANG_WARN_DIRECT_OBJC_ISA_USAGE = YES_ERROR;
				CLANG_WARN_DOCUMENTATION_COMMENTS = YES;
				CLANG_WARN_EMPTY_BODY = YES;
				CLANG_WARN_ENUM_CONVERSION = YES;
				CLANG_WARN_INFINITE_RECURSION = YES;
				CLANG_WARN_INT_CONVERSION = YES;
				CLANG_WARN_OBJC_ROOT_CLASS = YES_ERROR;
				CLANG_WARN_SUSPICIOUS_MOVES = YES;
				CLANG_WARN_UNREACHABLE_CODE = YES;
				CLANG_WARN__DUPLICATE_METHOD_MATCH = YES;
				"CODE_SIGN_IDENTITY[sdk=iphoneos*]" = "iPhone Developer";
				COPY_PHASE_STRIP = NO;
				DEBUG_INFORMATION_FORMAT = dwarf;
				ENABLE_STRICT_OBJC_MSGSEND = YES;
				ENABLE_TESTABILITY = YES;
				GCC_C_LANGUAGE_STANDARD = gnu99;
				GCC_DYNAMIC_NO_PIC = NO;
				GCC_NO_COMMON_BLOCKS = YES;
				GCC_OPTIMIZATION_LEVEL = 0;
				GCC_PREPROCESSOR_DEFINITIONS = (
					"DEBUG=1",
					"$(inherited)",
				);
				GCC_WARN_64_TO_32_BIT_CONVERSION = YES;
				GCC_WARN_ABOUT_RETURN_TYPE = YES_ERROR;
				GCC_WARN_UNDECLARED_SELECTOR = YES;
				GCC_WARN_UNINITIALIZED_AUTOS = YES_AGGRESSIVE;
				GCC_WARN_UNUSED_FUNCTION = YES;
				GCC_WARN_UNUSED_VARIABLE = YES;
				IPHONEOS_DEPLOYMENT_TARGET = 10.0;
				MTL_ENABLE_DEBUG_INFO = YES;
				ONLY_ACTIVE_ARCH = YES;
				SDKROOT = iphoneos;
			};
			name = Debug;
		};
		26F72DE61DDD52A400F92759 /* Release */ = {
			isa = XCBuildConfiguration;
			buildSettings = {
				ALWAYS_SEARCH_USER_PATHS = NO;
				CLANG_ANALYZER_NONNULL = YES;
				CLANG_CXX_LANGUAGE_STANDARD = "gnu++0x";
				CLANG_CXX_LIBRARY = "libc++";
				CLANG_ENABLE_MODULES = YES;
				CLANG_ENABLE_OBJC_ARC = YES;
				CLANG_WARN_BOOL_CONVERSION = YES;
				CLANG_WARN_CONSTANT_CONVERSION = YES;
				CLANG_WARN_DIRECT_OBJC_ISA_USAGE = YES_ERROR;
				CLANG_WARN_DOCUMENTATION_COMMENTS = YES;
				CLANG_WARN_EMPTY_BODY = YES;
				CLANG_WARN_ENUM_CONVERSION = YES;
				CLANG_WARN_INFINITE_RECURSION = YES;
				CLANG_WARN_INT_CONVERSION = YES;
				CLANG_WARN_OBJC_ROOT_CLASS = YES_ERROR;
				CLANG_WARN_SUSPICIOUS_MOVES = YES;
				CLANG_WARN_UNREACHABLE_CODE = YES;
				CLANG_WARN__DUPLICATE_METHOD_MATCH = YES;
				"CODE_SIGN_IDENTITY[sdk=iphoneos*]" = "iPhone Developer";
				COPY_PHASE_STRIP = NO;
				DEBUG_INFORMATION_FORMAT = "dwarf-with-dsym";
				ENABLE_NS_ASSERTIONS = NO;
				ENABLE_STRICT_OBJC_MSGSEND = YES;
				GCC_C_LANGUAGE_STANDARD = gnu99;
				GCC_NO_COMMON_BLOCKS = YES;
				GCC_WARN_64_TO_32_BIT_CONVERSION = YES;
				GCC_WARN_ABOUT_RETURN_TYPE = YES_ERROR;
				GCC_WARN_UNDECLARED_SELECTOR = YES;
				GCC_WARN_UNINITIALIZED_AUTOS = YES_AGGRESSIVE;
				GCC_WARN_UNUSED_FUNCTION = YES;
				GCC_WARN_UNUSED_VARIABLE = YES;
				IPHONEOS_DEPLOYMENT_TARGET = 10.0;
				MTL_ENABLE_DEBUG_INFO = NO;
				SDKROOT = iphoneos;
				VALIDATE_PRODUCT = YES;
			};
			name = Release;
		};
		26F72DE81DDD52A400F92759 /* Debug */ = {
			isa = XCBuildConfiguration;
			buildSettings = {
				ASSETCATALOG_COMPILER_APPICON_NAME = AppIcon;
				DEVELOPMENT_TEAM = BK93QVE9RR;
				INFOPLIST_FILE = BasicAnimatinDemo/Info.plist;
				LD_RUNPATH_SEARCH_PATHS = "$(inherited) @executable_path/Frameworks";
				PRODUCT_BUNDLE_IDENTIFIER = com.gzsc.BasicAnimatinDemo;
				PRODUCT_NAME = "$(TARGET_NAME)";
			};
			name = Debug;
		};
		26F72DE91DDD52A400F92759 /* Release */ = {
			isa = XCBuildConfiguration;
			buildSettings = {
				ASSETCATALOG_COMPILER_APPICON_NAME = AppIcon;
				DEVELOPMENT_TEAM = BK93QVE9RR;
				INFOPLIST_FILE = BasicAnimatinDemo/Info.plist;
				LD_RUNPATH_SEARCH_PATHS = "$(inherited) @executable_path/Frameworks";
				PRODUCT_BUNDLE_IDENTIFIER = com.gzsc.BasicAnimatinDemo;
				PRODUCT_NAME = "$(TARGET_NAME)";
			};
			name = Release;
		};
		26F72DEB1DDD52A400F92759 /* Debug */ = {
			isa = XCBuildConfiguration;
			buildSettings = {
				BUNDLE_LOADER = "$(TEST_HOST)";
				DEVELOPMENT_TEAM = BK93QVE9RR;
				INFOPLIST_FILE = BasicAnimatinDemoTests/Info.plist;
				LD_RUNPATH_SEARCH_PATHS = "$(inherited) @executable_path/Frameworks @loader_path/Frameworks";
				PRODUCT_BUNDLE_IDENTIFIER = com.gzsc.BasicAnimatinDemoTests;
				PRODUCT_NAME = "$(TARGET_NAME)";
				TEST_HOST = "$(BUILT_PRODUCTS_DIR)/BasicAnimatinDemo.app/BasicAnimatinDemo";
			};
			name = Debug;
		};
		26F72DEC1DDD52A400F92759 /* Release */ = {
			isa = XCBuildConfiguration;
			buildSettings = {
				BUNDLE_LOADER = "$(TEST_HOST)";
				DEVELOPMENT_TEAM = BK93QVE9RR;
				INFOPLIST_FILE = BasicAnimatinDemoTests/Info.plist;
				LD_RUNPATH_SEARCH_PATHS = "$(inherited) @executable_path/Frameworks @loader_path/Frameworks";
				PRODUCT_BUNDLE_IDENTIFIER = com.gzsc.BasicAnimatinDemoTests;
				PRODUCT_NAME = "$(TARGET_NAME)";
				TEST_HOST = "$(BUILT_PRODUCTS_DIR)/BasicAnimatinDemo.app/BasicAnimatinDemo";
			};
			name = Release;
		};
		26F72DEE1DDD52A400F92759 /* Debug */ = {
			isa = XCBuildConfiguration;
			buildSettings = {
				DEVELOPMENT_TEAM = BK93QVE9RR;
				INFOPLIST_FILE = BasicAnimatinDemoUITests/Info.plist;
				LD_RUNPATH_SEARCH_PATHS = "$(inherited) @executable_path/Frameworks @loader_path/Frameworks";
				PRODUCT_BUNDLE_IDENTIFIER = com.gzsc.BasicAnimatinDemoUITests;
				PRODUCT_NAME = "$(TARGET_NAME)";
				TEST_TARGET_NAME = BasicAnimatinDemo;
			};
			name = Debug;
		};
		26F72DEF1DDD52A400F92759 /* Release */ = {
			isa = XCBuildConfiguration;
			buildSettings = {
				DEVELOPMENT_TEAM = BK93QVE9RR;
				INFOPLIST_FILE = BasicAnimatinDemoUITests/Info.plist;
				LD_RUNPATH_SEARCH_PATHS = "$(inherited) @executable_path/Frameworks @loader_path/Frameworks";
				PRODUCT_BUNDLE_IDENTIFIER = com.gzsc.BasicAnimatinDemoUITests;
				PRODUCT_NAME = "$(TARGET_NAME)";
				TEST_TARGET_NAME = BasicAnimatinDemo;
			};
			name = Release;
		};
/* End XCBuildConfiguration section */

/* Begin XCConfigurationList section */
		26F72DB51DDD52A400F92759 /* Build configuration list for PBXProject "BasicAnimatinDemo" */ = {
			isa = XCConfigurationList;
			buildConfigurations = (
				26F72DE51DDD52A400F92759 /* Debug */,
				26F72DE61DDD52A400F92759 /* Release */,
			);
			defaultConfigurationIsVisible = 0;
			defaultConfigurationName = Release;
		};
		26F72DE71DDD52A400F92759 /* Build configuration list for PBXNativeTarget "BasicAnimatinDemo" */ = {
			isa = XCConfigurationList;
			buildConfigurations = (
				26F72DE81DDD52A400F92759 /* Debug */,
				26F72DE91DDD52A400F92759 /* Release */,
			);
			defaultConfigurationIsVisible = 0;
		};
		26F72DEA1DDD52A400F92759 /* Build configuration list for PBXNativeTarget "BasicAnimatinDemoTests" */ = {
			isa = XCConfigurationList;
			buildConfigurations = (
				26F72DEB1DDD52A400F92759 /* Debug */,
				26F72DEC1DDD52A400F92759 /* Release */,
			);
			defaultConfigurationIsVisible = 0;
		};
		26F72DED1DDD52A400F92759 /* Build configuration list for PBXNativeTarget "BasicAnimatinDemoUITests" */ = {
			isa = XCConfigurationList;
			buildConfigurations = (
				26F72DEE1DDD52A400F92759 /* Debug */,
				26F72DEF1DDD52A400F92759 /* Release */,
			);
			defaultConfigurationIsVisible = 0;
		};
/* End XCConfigurationList section */
	};
	rootObject = 26F72DB21DDD52A400F92759 /* Project object */;
}
